
Microsoft Visual Studio Solution File, Format Version 12.00
# Visual Studio Version 17
VisualStudioVersion = 17.2.32616.157
MinimumVisualStudioVersion = 10.0.40219.1
Project("{FAE04EC0-301F-11D3-BF4B-00C04F79EFBC}") = "KGEU DB", "WindowsFormsApp1\KGEU DB.csproj", "{491C9772-CFBD-45B3-8AF6-F91221055FF0}"
EndProject
Global
	GlobalSection(SolutionConfigurationPlatforms) = preSolution
		Debug|Any CPU = Debug|Any CPU
		Release|Any CPU = Release|Any CPU
	EndGlobalSection
	GlobalSection(ProjectConfigurationPlatforms) = postSolution
		{491C9772-CFBD-45B3-8AF6-F91221055FF0}.Debug|Any CPU.ActiveCfg = Release|Any CPU
		{491C9772-CFBD-45B3-8AF6-F91221055FF0}.Debug|Any CPU.Build.0 = Release|Any CPU
		{491C9772-CFBD-45B3-8AF6-F91221055FF0}.Release|Any CPU.ActiveCfg = Release|Any CPU
		{491C9772-CFBD-45B3-8AF6-F91221055FF0}.Release|Any CPU.Build.0 = Release|Any CPU
	EndGlobalSection
	GlobalSection(SolutionProperties) = preSolution
		HideSolutionNode = FALSE
	EndGlobalSection
	GlobalSection(ExtensibilityGlobals) = postSolution
		SolutionGuid = {651EA9C6-30D8-4BAA-8272-E9CD06F1E16C}
	EndGlobalSection
EndGlobal
